<?xml version="1.0" encoding="UTF-8" standalone="yes" ?>
<CodeBlocks_project_file>
	<FileVersion major="1" minor="6" />
	<Project>
		<Option title="PNPZ80" />
		<Option pch_mode="2" />
		<Option compiler="gcc" />
		<Build>
			<Target title="Debug">
				<Option output="../PNPZ80 Emulation/bin/Debug/PNPZ80" prefix_auto="1" extension_auto="1" />
				<Option object_output="obj/Debug/" />
				<Option type="3" />
				<Option compiler="gcc" />
				<Option host_application="H:/C++/PNPZ80 Emulation/bin/Debug/PNPZ80 Emulation.exe" />
				<Option run_host_application_in_terminal="1" />
				<Option createDefFile="1" />
				<Option createStaticLib="1" />
				<Compiler>
					<Add option="-std=c++11" />
					<Add option="-Wall" />
					<Add option="-g" />
					<Add option="-DBUILD_DLL" />
					<Add directory="include" />
					<Add directory="H:/C++/PNPZ80/" />
				</Compiler>
				<Linker>
					<Add library="user32" />
				</Linker>
			</Target>
			<Target title="Release">
				<Option output="bin/Release/PNPZ80" prefix_auto="1" extension_auto="1" />
				<Option object_output="obj/Release/" />
				<Option type="3" />
				<Option compiler="gcc" />
				<Option createDefFile="1" />
				<Option createStaticLib="1" />
				<Compiler>
					<Add option="-Wall" />
					<Add option="-DBUILD_DLL" />
					<Add option="-O2" />
					<Add directory="include" />
				</Compiler>
				<Linker>
					<Add option="-s" />
					<Add library="user32" />
				</Linker>
			</Target>
		</Build>
		<Unit filename="PNPZ80.h" />
		<Unit filename="include/PNPZ80Hardware.h" />
		<Unit filename="include/PNPZ80Instance.h" />
		<Unit filename="include/PNPZ80Simulator.h" />
		<Unit filename="main.cpp" />
		<Unit filename="src/PNPZ80Hardware.cpp" />
		<Unit filename="src/PNPZ80Instance.cpp" />
		<Unit filename="src/PNPZ80Simulator.cpp" />
		<Extensions>
			<code_completion />
			<envvars />
			<debugger />
			<lib_finder disable_auto="1" />
		</Extensions>
	</Project>
</CodeBlocks_project_file>
